
Microsoft Visual Studio Solution File, Format Version 12.00
# Visual Studio Version 17
VisualStudioVersion = 17.7.34031.279
MinimumVisualStudioVersion = 10.0.40219.1
Project("{9A19103F-16F7-4668-BE54-9A1E7A4F7556}") = "PieceUsur", "PieceUsur.csproj", "{5281C624-FC4A-4AC5-91DA-586615590889}"
EndProject
Global
	GlobalSection(SolutionConfigurationPlatforms) = preSolution
		Debug|Any CPU = Debug|Any CPU
		Release|Any CPU = Release|Any CPU
	EndGlobalSection
	GlobalSection(ProjectConfigurationPlatforms) = postSolution
		{5281C624-FC4A-4AC5-91DA-586615590889}.Debug|Any CPU.ActiveCfg = Debug|Any CPU
		{5281C624-FC4A-4AC5-91DA-586615590889}.Debug|Any CPU.Build.0 = Debug|Any CPU
		{5281C624-FC4A-4AC5-91DA-586615590889}.Release|Any CPU.ActiveCfg = Release|Any CPU
		{5281C624-FC4A-4AC5-91DA-586615590889}.Release|Any CPU.Build.0 = Release|Any CPU
	EndGlobalSection
	GlobalSection(SolutionProperties) = preSolution
		HideSolutionNode = FALSE
	EndGlobalSection
	GlobalSection(ExtensibilityGlobals) = postSolution
		SolutionGuid = {5A8D4103-BB16-4020-A739-17F2CD930C93}
	EndGlobalSection
EndGlobal
